// !$*UTF8*$!
{
	archiveVersion = 1;
	classes = {
	};
	objectVersion = 50;
	objects = {

/* Begin PBXBuildFile section */
		F309753A25C93B45003901EF /* AppDelegate.swift in Sources */ = {isa = PBXBuildFile; fileRef = F309753925C93B45003901EF /* AppDelegate.swift */; };
		F309753C25C93B45003901EF /* SceneDelegate.swift in Sources */ = {isa = PBXBuildFile; fileRef = F309753B25C93B45003901EF /* SceneDelegate.swift */; };
		F309754325C93B47003901EF /* Assets.xcassets in Resources */ = {isa = PBXBuildFile; fileRef = F309754225C93B47003901EF /* Assets.xcassets */; };
		F309754625C93B47003901EF /* LaunchScreen.storyboard in Resources */ = {isa = PBXBuildFile; fileRef = F309754425C93B47003901EF /* LaunchScreen.storyboard */; };
		F309756425C9698A003901EF /* OptionAViewController.swift in Sources */ = {isa = PBXBuildFile; fileRef = F309756325C9698A003901EF /* OptionAViewController.swift */; };
		F309756725C969B7003901EF /* OptionAViewController+UI.swift in Sources */ = {isa = PBXBuildFile; fileRef = F309756625C969B7003901EF /* OptionAViewController+UI.swift */; };
		F309756B25C96E47003901EF /* UITabBarItem+Chunky.swift in Sources */ = {isa = PBXBuildFile; fileRef = F309756A25C96E47003901EF /* UITabBarItem+Chunky.swift */; };
		F309756E25C9755A003901EF /* OptionBViewController.swift in Sources */ = {isa = PBXBuildFile; fileRef = F309756D25C9755A003901EF /* OptionBViewController.swift */; };
		F309757125C97583003901EF /* OptionBViewController+UI.swift in Sources */ = {isa = PBXBuildFile; fileRef = F309757025C97583003901EF /* OptionBViewController+UI.swift */; };
		F309757425C97A1E003901EF /* OptionCViewController.swift in Sources */ = {isa = PBXBuildFile; fileRef = F309757325C97A1E003901EF /* OptionCViewController.swift */; };
/* End PBXBuildFile section */

/* Begin PBXFileReference section */
		F309753625C93B45003901EF /* CodeOnly.app */ = {isa = PBXFileReference; explicitFileType = wrapper.application; includeInIndex = 0; path = CodeOnly.app; sourceTree = BUILT_PRODUCTS_DIR; };
		F309753925C93B45003901EF /* AppDelegate.swift */ = {isa = PBXFileReference; lastKnownFileType = sourcecode.swift; path = AppDelegate.swift; sourceTree = "<group>"; };
		F309753B25C93B45003901EF /* SceneDelegate.swift */ = {isa = PBXFileReference; lastKnownFileType = sourcecode.swift; path = SceneDelegate.swift; sourceTree = "<group>"; };
		F309754225C93B47003901EF /* Assets.xcassets */ = {isa = PBXFileReference; lastKnownFileType = folder.assetcatalog; path = Assets.xcassets; sourceTree = "<group>"; };
		F309754525C93B47003901EF /* Base */ = {isa = PBXFileReference; lastKnownFileType = file.storyboard; name = Base; path = Base.lproj/LaunchScreen.storyboard; sourceTree = "<group>"; };
		F309754725C93B47003901EF /* Info.plist */ = {isa = PBXFileReference; lastKnownFileType = text.plist.xml; path = Info.plist; sourceTree = "<group>"; };
		F309756325C9698A003901EF /* OptionAViewController.swift */ = {isa = PBXFileReference; lastKnownFileType = sourcecode.swift; path = OptionAViewController.swift; sourceTree = "<group>"; };
		F309756625C969B7003901EF /* OptionAViewController+UI.swift */ = {isa = PBXFileReference; lastKnownFileType = sourcecode.swift; path = "OptionAViewController+UI.swift"; sourceTree = "<group>"; };
		F309756A25C96E47003901EF /* UITabBarItem+Chunky.swift */ = {isa = PBXFileReference; lastKnownFileType = sourcecode.swift; path = "UITabBarItem+Chunky.swift"; sourceTree = "<group>"; };
		F309756D25C9755A003901EF /* OptionBViewController.swift */ = {isa = PBXFileReference; lastKnownFileType = sourcecode.swift; path = OptionBViewController.swift; sourceTree = "<group>"; };
		F309757025C97583003901EF /* OptionBViewController+UI.swift */ = {isa = PBXFileReference; lastKnownFileType = sourcecode.swift; path = "OptionBViewController+UI.swift"; sourceTree = "<group>"; };
		F309757325C97A1E003901EF /* OptionCViewController.swift */ = {isa = PBXFileReference; lastKnownFileType = sourcecode.swift; path = OptionCViewController.swift; sourceTree = "<group>"; };
/* End PBXFileReference section */

/* Begin PBXFrameworksBuildPhase section */
		F309753325C93B45003901EF /* Frameworks */ = {
			isa = PBXFrameworksBuildPhase;
			buildActionMask = 2147483647;
			files = (
			);
			runOnlyForDeploymentPostprocessing = 0;
		};
/* End PBXFrameworksBuildPhase section */

/* Begin PBXGroup section */
		F309752D25C93B45003901EF = {
			isa = PBXGroup;
			children = (
				F309753825C93B45003901EF /* CodeOnly */,
				F309753725C93B45003901EF /* Products */,
			);
			sourceTree = "<group>";
		};
		F309753725C93B45003901EF /* Products */ = {
			isa = PBXGroup;
			children = (
				F309753625C93B45003901EF /* CodeOnly.app */,
			);
			name = Products;
			sourceTree = "<group>";
		};
		F309753825C93B45003901EF /* CodeOnly */ = {
			isa = PBXGroup;
			children = (
				F309753925C93B45003901EF /* AppDelegate.swift */,
				F309753B25C93B45003901EF /* SceneDelegate.swift */,
				F309755C25C968B9003901EF /* OptionA */,
				F309755D25C968CD003901EF /* OptionB */,
				F309755E25C968D4003901EF /* OptionC */,
				F309756925C96E2E003901EF /* Extensions */,
				F309756025C96904003901EF /* Resources */,
			);
			path = CodeOnly;
			sourceTree = "<group>";
		};
		F309755C25C968B9003901EF /* OptionA */ = {
			isa = PBXGroup;
			children = (
				F309756325C9698A003901EF /* OptionAViewController.swift */,
				F309756625C969B7003901EF /* OptionAViewController+UI.swift */,
			);
			path = OptionA;
			sourceTree = "<group>";
		};
		F309755D25C968CD003901EF /* OptionB */ = {
			isa = PBXGroup;
			children = (
				F309756D25C9755A003901EF /* OptionBViewController.swift */,
				F309757025C97583003901EF /* OptionBViewController+UI.swift */,
			);
			path = OptionB;
			sourceTree = "<group>";
		};
		F309755E25C968D4003901EF /* OptionC */ = {
			isa = PBXGroup;
			children = (
				F309757325C97A1E003901EF /* OptionCViewController.swift */,
			);
			path = OptionC;
			sourceTree = "<group>";
		};
		F309756025C96904003901EF /* Resources */ = {
			isa = PBXGroup;
			children = (
				F309754225C93B47003901EF /* Assets.xcassets */,
				F309754425C93B47003901EF /* LaunchScreen.storyboard */,
				F309754725C93B47003901EF /* Info.plist */,
			);
			path = Resources;
			sourceTree = "<group>";
		};
		F309756925C96E2E003901EF /* Extensions */ = {
			isa = PBXGroup;
			children = (
				F309756A25C96E47003901EF /* UITabBarItem+Chunky.swift */,
			);
			path = Extensions;
			sourceTree = "<group>";
		};
/* End PBXGroup section */

/* Begin PBXNativeTarget section */
		F309753525C93B45003901EF /* CodeOnly */ = {
			isa = PBXNativeTarget;
			buildConfigurationList = F309754A25C93B47003901EF /* Build configuration list for PBXNativeTarget "CodeOnly" */;
			buildPhases = (
				F309753225C93B45003901EF /* Sources */,
				F309753325C93B45003901EF /* Frameworks */,
				F309753425C93B45003901EF /* Resources */,
			);
			buildRules = (
			);
			dependencies = (
			);
			name = CodeOnly;
			productName = CodeOnly;
			productReference = F309753625C93B45003901EF /* CodeOnly.app */;
			productType = "com.apple.product-type.application";
		};
/* End PBXNativeTarget section */

/* Begin PBXProject section */
		F309752E25C93B45003901EF /* Project object */ = {
			isa = PBXProject;
			attributes = {
				LastSwiftUpdateCheck = 1240;
				LastUpgradeCheck = 1240;
				TargetAttributes = {
					F309753525C93B45003901EF = {
						CreatedOnToolsVersion = 12.4;
					};
				};
			};
			buildConfigurationList = F309753125C93B45003901EF /* Build configuration list for PBXProject "CodeOnly" */;
			compatibilityVersion = "Xcode 9.3";
			developmentRegion = en;
			hasScannedForEncodings = 0;
			knownRegions = (
				en,
				Base,
			);
			mainGroup = F309752D25C93B45003901EF;
			productRefGroup = F309753725C93B45003901EF /* Products */;
			projectDirPath = "";
			projectRoot = "";
			targets = (
				F309753525C93B45003901EF /* CodeOnly */,
			);
		};
/* End PBXProject section */

/* Begin PBXResourcesBuildPhase section */
		F309753425C93B45003901EF /* Resources */ = {
			isa = PBXResourcesBuildPhase;
			buildActionMask = 2147483647;
			files = (
				F309754625C93B47003901EF /* LaunchScreen.storyboard in Resources */,
				F309754325C93B47003901EF /* Assets.xcassets in Resources */,
			);
			runOnlyForDeploymentPostprocessing = 0;
		};
/* End PBXResourcesBuildPhase section */

/* Begin PBXSourcesBuildPhase section */
		F309753225C93B45003901EF /* Sources */ = {
			isa = PBXSourcesBuildPhase;
			buildActionMask = 2147483647;
			files = (
				F309756425C9698A003901EF /* OptionAViewController.swift in Sources */,
				F309756E25C9755A003901EF /* OptionBViewController.swift in Sources */,
				F309756B25C96E47003901EF /* UITabBarItem+Chunky.swift in Sources */,
				F309753A25C93B45003901EF /* AppDelegate.swift in Sources */,
				F309757425C97A1E003901EF /* OptionCViewController.swift in Sources */,
				F309757125C97583003901EF /* OptionBViewController+UI.swift in Sources */,
				F309756725C969B7003901EF /* OptionAViewController+UI.swift in Sources */,
				F309753C25C93B45003901EF /* SceneDelegate.swift in Sources */,
			);
			runOnlyForDeploymentPostprocessing = 0;
		};
/* End PBXSourcesBuildPhase section */

/* Begin PBXVariantGroup section */
		F309754425C93B47003901EF /* LaunchScreen.storyboard */ = {
			isa = PBXVariantGroup;
			children = (
				F309754525C93B47003901EF /* Base */,
			);
			name = LaunchScreen.storyboard;
			sourceTree = "<group>";
		};
/* End PBXVariantGroup section */

/* Begin XCBuildConfiguration section */
		F309754825C93B47003901EF /* Debug */ = {
			isa = XCBuildConfiguration;
			buildSettings = {
				ALWAYS_SEARCH_USER_PATHS = NO;
				CLANG_ANALYZER_NONNULL = YES;
				CLANG_ANALYZER_NUMBER_OBJECT_CONVERSION = YES_AGGRESSIVE;
				CLANG_CXX_LANGUAGE_STANDARD = "gnu++14";
				CLANG_CXX_LIBRARY = "libc++";
				CLANG_ENABLE_MODULES = YES;
				CLANG_ENABLE_OBJC_ARC = YES;
				CLANG_ENABLE_OBJC_WEAK = YES;
				CLANG_WARN_BLOCK_CAPTURE_AUTORELEASING = YES;
				CLANG_WARN_BOOL_CONVERSION = YES;
				CLANG_WARN_COMMA = YES;
				CLANG_WARN_CONSTANT_CONVERSION = YES;
				CLANG_WARN_DEPRECATED_OBJC_IMPLEMENTATIONS = YES;
				CLANG_WARN_DIRECT_OBJC_ISA_USAGE = YES_ERROR;
				CLANG_WARN_DOCUMENTATION_COMMENTS = YES;
				CLANG_WARN_EMPTY_BODY = YES;
				CLANG_WARN_ENUM_CONVERSION = YES;
				CLANG_WARN_INFINITE_RECURSION = YES;
				CLANG_WARN_INT_CONVERSION = YES;
				CLANG_WARN_NON_LITERAL_NULL_CONVERSION = YES;
				CLANG_WARN_OBJC_IMPLICIT_RETAIN_SELF = YES;
				CLANG_WARN_OBJC_LITERAL_CONVERSION = YES;
				CLANG_WARN_OBJC_ROOT_CLASS = YES_ERROR;
				CLANG_WARN_QUOTED_INCLUDE_IN_FRAMEWORK_HEADER = YES;
				CLANG_WARN_RANGE_LOOP_ANALYSIS = YES;
				CLANG_WARN_STRICT_PROTOTYPES = YES;
				CLANG_WARN_SUSPICIOUS_MOVE = YES;
				CLANG_WARN_UNGUARDED_AVAILABILITY = YES_AGGRESSIVE;
				CLANG_WARN_UNREACHABLE_CODE = YES;
				CLANG_WARN__DUPLICATE_METHOD_MATCH = YES;
				COPY_PHASE_STRIP = NO;
				DEBUG_INFORMATION_FORMAT = dwarf;
				ENABLE_STRICT_OBJC_MSGSEND = YES;
				ENABLE_TESTABILITY = YES;
				GCC_C_LANGUAGE_STANDARD = gnu11;
				GCC_DYNAMIC_NO_PIC = NO;
				GCC_NO_COMMON_BLOCKS = YES;
				GCC_OPTIMIZATION_LEVEL = 0;
				GCC_PREPROCESSOR_DEFINITIONS = (
					"DEBUG=1",
					"$(inherited)",
				);
				GCC_WARN_64_TO_32_BIT_CONVERSION = YES;
				GCC_WARN_ABOUT_RETURN_TYPE = YES_ERROR;
				GCC_WARN_UNDECLARED_SELECTOR = YES;
				GCC_WARN_UNINITIALIZED_AUTOS = YES_AGGRESSIVE;
				GCC_WARN_UNUSED_FUNCTION = YES;
				GCC_WARN_UNUSED_VARIABLE = YES;
				IPHONEOS_DEPLOYMENT_TARGET = 14.4;
				MTL_ENABLE_DEBUG_INFO = INCLUDE_SOURCE;
				MTL_FAST_MATH = YES;
				ONLY_ACTIVE_ARCH = YES;
				SDKROOT = iphoneos;
				SWIFT_ACTIVE_COMPILATION_CONDITIONS = DEBUG;
				SWIFT_OPTIMIZATION_LEVEL = "-Onone";
			};
			name = Debug;
		};
		F309754925C93B47003901EF /* Release */ = {
			isa = XCBuildConfiguration;
			buildSettings = {
				ALWAYS_SEARCH_USER_PATHS = NO;
				CLANG_ANALYZER_NONNULL = YES;
				CLANG_ANALYZER_NUMBER_OBJECT_CONVERSION = YES_AGGRESSIVE;
				CLANG_CXX_LANGUAGE_STANDARD = "gnu++14";
				CLANG_CXX_LIBRARY = "libc++";
				CLANG_ENABLE_MODULES = YES;
				CLANG_ENABLE_OBJC_ARC = YES;
				CLANG_ENABLE_OBJC_WEAK = YES;
				CLANG_WARN_BLOCK_CAPTURE_AUTORELEASING = YES;
				CLANG_WARN_BOOL_CONVERSION = YES;
				CLANG_WARN_COMMA = YES;
				CLANG_WARN_CONSTANT_CONVERSION = YES;
				CLANG_WARN_DEPRECATED_OBJC_IMPLEMENTATIONS = YES;
				CLANG_WARN_DIRECT_OBJC_ISA_USAGE = YES_ERROR;
				CLANG_WARN_DOCUMENTATION_COMMENTS = YES;
				CLANG_WARN_EMPTY_BODY = YES;
				CLANG_WARN_ENUM_CONVERSION = YES;
				CLANG_WARN_INFINITE_RECURSION = YES;
				CLANG_WARN_INT_CONVERSION = YES;
				CLANG_WARN_NON_LITERAL_NULL_CONVERSION = YES;
				CLANG_WARN_OBJC_IMPLICIT_RETAIN_SELF = YES;
				CLANG_WARN_OBJC_LITERAL_CONVERSION = YES;
				CLANG_WARN_OBJC_ROOT_CLASS = YES_ERROR;
				CLANG_WARN_QUOTED_INCLUDE_IN_FRAMEWORK_HEADER = YES;
				CLANG_WARN_RANGE_LOOP_ANALYSIS = YES;
				CLANG_WARN_STRICT_PROTOTYPES = YES;
				CLANG_WARN_SUSPICIOUS_MOVE = YES;
				CLANG_WARN_UNGUARDED_AVAILABILITY = YES_AGGRESSIVE;
				CLANG_WARN_UNREACHABLE_CODE = YES;
				CLANG_WARN__DUPLICATE_METHOD_MATCH = YES;
				COPY_PHASE_STRIP = NO;
				DEBUG_INFORMATION_FORMAT = "dwarf-with-dsym";
				ENABLE_NS_ASSERTIONS = NO;
				ENABLE_STRICT_OBJC_MSGSEND = YES;
				GCC_C_LANGUAGE_STANDARD = gnu11;
				GCC_NO_COMMON_BLOCKS = YES;
				GCC_WARN_64_TO_32_BIT_CONVERSION = YES;
				GCC_WARN_ABOUT_RETURN_TYPE = YES_ERROR;
				GCC_WARN_UNDECLARED_SELECTOR = YES;
				GCC_WARN_UNINITIALIZED_AUTOS = YES_AGGRESSIVE;
				GCC_WARN_UNUSED_FUNCTION = YES;
				GCC_WARN_UNUSED_VARIABLE = YES;
				IPHONEOS_DEPLOYMENT_TARGET = 14.4;
				MTL_ENABLE_DEBUG_INFO = NO;
				MTL_FAST_MATH = YES;
				SDKROOT = iphoneos;
				SWIFT_COMPILATION_MODE = wholemodule;
				SWIFT_OPTIMIZATION_LEVEL = "-O";
				VALIDATE_PRODUCT = YES;
			};
			name = Release;
		};
		F309754B25C93B47003901EF /* Debug */ = {
			isa = XCBuildConfiguration;
			buildSettings = {
				ASSETCATALOG_COMPILER_APPICON_NAME = AppIcon;
				ASSETCATALOG_COMPILER_GLOBAL_ACCENT_COLOR_NAME = AccentColor;
				CODE_SIGN_STYLE = Automatic;
				DEVELOPMENT_TEAM = 9ZR496RB3Q;
				INFOPLIST_FILE = CodeOnly/Resources/Info.plist;
				LD_RUNPATH_SEARCH_PATHS = (
					"$(inherited)",
					"@executable_path/Frameworks",
				);
				PRODUCT_BUNDLE_IDENTIFIER = com.madebyhive.CodeOnly;
				PRODUCT_NAME = "$(TARGET_NAME)";
				SWIFT_VERSION = 5.0;
				TARGETED_DEVICE_FAMILY = "1,2";
			};
			name = Debug;
		};
		F309754C25C93B47003901EF /* Release */ = {
			isa = XCBuildConfiguration;
			buildSettings = {
				ASSETCATALOG_COMPILER_APPICON_NAME = AppIcon;
				ASSETCATALOG_COMPILER_GLOBAL_ACCENT_COLOR_NAME = AccentColor;
				CODE_SIGN_STYLE = Automatic;
				DEVELOPMENT_TEAM = 9ZR496RB3Q;
				INFOPLIST_FILE = CodeOnly/Resources/Info.plist;
				LD_RUNPATH_SEARCH_PATHS = (
					"$(inherited)",
					"@executable_path/Frameworks",
				);
				PRODUCT_BUNDLE_IDENTIFIER = com.madebyhive.CodeOnly;
				PRODUCT_NAME = "$(TARGET_NAME)";
				SWIFT_VERSION = 5.0;
				TARGETED_DEVICE_FAMILY = "1,2";
			};
			name = Release;
		};
/* End XCBuildConfiguration section */

/* Begin XCConfigurationList section */
		F309753125C93B45003901EF /* Build configuration list for PBXProject "CodeOnly" */ = {
			isa = XCConfigurationList;
			buildConfigurations = (
				F309754825C93B47003901EF /* Debug */,
				F309754925C93B47003901EF /* Release */,
			);
			defaultConfigurationIsVisible = 0;
			defaultConfigurationName = Release;
		};
		F309754A25C93B47003901EF /* Build configuration list for PBXNativeTarget "CodeOnly" */ = {
			isa = XCConfigurationList;
			buildConfigurations = (
				F309754B25C93B47003901EF /* Debug */,
				F309754C25C93B47003901EF /* Release */,
			);
			defaultConfigurationIsVisible = 0;
			defaultConfigurationName = Release;
		};
/* End XCConfigurationList section */
	};
	rootObject = F309752E25C93B45003901EF /* Project object */;
}
